
Microsoft Visual Studio Solution File, Format Version 12.00
# Visual Studio Version 17
VisualStudioVersion = 17.4.33122.133
MinimumVisualStudioVersion = 10.0.40219.1
Project("{9A19103F-16F7-4668-BE54-9A1E7A4F7556}") = "NetworkClub", "FightClub\NetworkClub.csproj", "{1FE50A29-E460-4E80-AB4D-7C83E9F484AB}"
	ProjectSection(ProjectDependencies) = postProject
		{3C15AF1B-7ED4-44E5-991B-97B878AC9845} = {3C15AF1B-7ED4-44E5-991B-97B878AC9845}
		{9F2C8F2B-65AC-434A-93DA-C6879246E2B0} = {9F2C8F2B-65AC-434A-93DA-C6879246E2B0}
	EndProjectSection
EndProject
Project("{9A19103F-16F7-4668-BE54-9A1E7A4F7556}") = "DataModel", "DataModel\DataModel.csproj", "{9F2C8F2B-65AC-434A-93DA-C6879246E2B0}"
EndProject
Project("{9A19103F-16F7-4668-BE54-9A1E7A4F7556}") = "EntityFramework", "EntityFramework\EntityFramework.csproj", "{3C15AF1B-7ED4-44E5-991B-97B878AC9845}"
	ProjectSection(ProjectDependencies) = postProject
		{9F2C8F2B-65AC-434A-93DA-C6879246E2B0} = {9F2C8F2B-65AC-434A-93DA-C6879246E2B0}
	EndProjectSection
EndProject
Project("{9A19103F-16F7-4668-BE54-9A1E7A4F7556}") = "Migrations", "Migrations\Migrations.csproj", "{106BB868-B467-45D4-8E8C-CCA11F40B630}"
EndProject
Project("{9A19103F-16F7-4668-BE54-9A1E7A4F7556}") = "TestNetworkClub", "TestFightClub\TestNetworkClub.csproj", "{55DDCFF6-1B7F-4A1C-957F-A2956596C458}"
EndProject
Global
	GlobalSection(SolutionConfigurationPlatforms) = preSolution
		Debug|Any CPU = Debug|Any CPU
		Release|Any CPU = Release|Any CPU
	EndGlobalSection
	GlobalSection(ProjectConfigurationPlatforms) = postSolution
		{1FE50A29-E460-4E80-AB4D-7C83E9F484AB}.Debug|Any CPU.ActiveCfg = Debug|Any CPU
		{1FE50A29-E460-4E80-AB4D-7C83E9F484AB}.Debug|Any CPU.Build.0 = Debug|Any CPU
		{1FE50A29-E460-4E80-AB4D-7C83E9F484AB}.Release|Any CPU.ActiveCfg = Release|Any CPU
		{1FE50A29-E460-4E80-AB4D-7C83E9F484AB}.Release|Any CPU.Build.0 = Release|Any CPU
		{9F2C8F2B-65AC-434A-93DA-C6879246E2B0}.Debug|Any CPU.ActiveCfg = Debug|Any CPU
		{9F2C8F2B-65AC-434A-93DA-C6879246E2B0}.Debug|Any CPU.Build.0 = Debug|Any CPU
		{9F2C8F2B-65AC-434A-93DA-C6879246E2B0}.Release|Any CPU.ActiveCfg = Release|Any CPU
		{9F2C8F2B-65AC-434A-93DA-C6879246E2B0}.Release|Any CPU.Build.0 = Release|Any CPU
		{3C15AF1B-7ED4-44E5-991B-97B878AC9845}.Debug|Any CPU.ActiveCfg = Debug|Any CPU
		{3C15AF1B-7ED4-44E5-991B-97B878AC9845}.Debug|Any CPU.Build.0 = Debug|Any CPU
		{3C15AF1B-7ED4-44E5-991B-97B878AC9845}.Release|Any CPU.ActiveCfg = Release|Any CPU
		{3C15AF1B-7ED4-44E5-991B-97B878AC9845}.Release|Any CPU.Build.0 = Release|Any CPU
		{106BB868-B467-45D4-8E8C-CCA11F40B630}.Debug|Any CPU.ActiveCfg = Debug|Any CPU
		{106BB868-B467-45D4-8E8C-CCA11F40B630}.Debug|Any CPU.Build.0 = Debug|Any CPU
		{106BB868-B467-45D4-8E8C-CCA11F40B630}.Release|Any CPU.ActiveCfg = Release|Any CPU
		{106BB868-B467-45D4-8E8C-CCA11F40B630}.Release|Any CPU.Build.0 = Release|Any CPU
		{55DDCFF6-1B7F-4A1C-957F-A2956596C458}.Debug|Any CPU.ActiveCfg = Debug|Any CPU
		{55DDCFF6-1B7F-4A1C-957F-A2956596C458}.Debug|Any CPU.Build.0 = Debug|Any CPU
		{55DDCFF6-1B7F-4A1C-957F-A2956596C458}.Release|Any CPU.ActiveCfg = Release|Any CPU
		{55DDCFF6-1B7F-4A1C-957F-A2956596C458}.Release|Any CPU.Build.0 = Release|Any CPU
	EndGlobalSection
	GlobalSection(SolutionProperties) = preSolution
		HideSolutionNode = FALSE
	EndGlobalSection
	GlobalSection(ExtensibilityGlobals) = postSolution
		SolutionGuid = {C884FB8F-B0C1-424C-BA61-4E9D25F84A60}
	EndGlobalSection
EndGlobal
